
Microsoft Visual Studio Solution File, Format Version 12.00
# Visual Studio Version 16
VisualStudioVersion = 16.0.31321.278
MinimumVisualStudioVersion = 10.0.40219.1
Project("{FAE04EC0-301F-11D3-BF4B-00C04F79EFBC}") = "Piedra-Papel-Tijera", "Piedra-Papel-Tijera.csproj", "{734236B4-5900-4665-A150-016E3B4FBB29}"
EndProject
Global
	GlobalSection(SolutionConfigurationPlatforms) = preSolution
		Debug|Any CPU = Debug|Any CPU
		Release|Any CPU = Release|Any CPU
	EndGlobalSection
	GlobalSection(ProjectConfigurationPlatforms) = postSolution
		{734236B4-5900-4665-A150-016E3B4FBB29}.Debug|Any CPU.ActiveCfg = Debug|Any CPU
		{734236B4-5900-4665-A150-016E3B4FBB29}.Debug|Any CPU.Build.0 = Debug|Any CPU
		{734236B4-5900-4665-A150-016E3B4FBB29}.Release|Any CPU.ActiveCfg = Release|Any CPU
		{734236B4-5900-4665-A150-016E3B4FBB29}.Release|Any CPU.Build.0 = Release|Any CPU
	EndGlobalSection
	GlobalSection(SolutionProperties) = preSolution
		HideSolutionNode = FALSE
	EndGlobalSection
	GlobalSection(ExtensibilityGlobals) = postSolution
		SolutionGuid = {9241C42A-83FA-48DF-AF78-CFFAC48D7054}
	EndGlobalSection
EndGlobal
